// !$*UTF8*$!
{
	archiveVersion = 1;
	classes = {
	};
	objectVersion = 56;
	objects = {

/* Begin PBXBuildFile section */
		7BEABCE8296CBD61006E2EAA /* AppDelegate.m in Sources */ = {isa = PBXBuildFile; fileRef = 7BEABCE7296CBD61006E2EAA /* AppDelegate.m */; };
		7BEABCEB296CBD61006E2EAA /* SceneDelegate.m in Sources */ = {isa = PBXBuildFile; fileRef = 7BEABCEA296CBD61006E2EAA /* SceneDelegate.m */; };
		7BEABCEE296CBD61006E2EAA /* ViewController.m in Sources */ = {isa = PBXBuildFile; fileRef = 7BEABCED296CBD61006E2EAA /* ViewController.m */; };
		7BEABCF1296CBD61006E2EAA /* Main.storyboard in Resources */ = {isa = PBXBuildFile; fileRef = 7BEABCEF296CBD61006E2EAA /* Main.storyboard */; };
		7BEABCF3296CBD6C006E2EAA /* Assets.xcassets in Resources */ = {isa = PBXBuildFile; fileRef = 7BEABCF2296CBD6C006E2EAA /* Assets.xcassets */; };
		7BEABCF6296CBD6C006E2EAA /* LaunchScreen.storyboard in Resources */ = {isa = PBXBuildFile; fileRef = 7BEABCF4296CBD6C006E2EAA /* LaunchScreen.storyboard */; };
		7BEABCF9296CBD6C006E2EAA /* main.m in Sources */ = {isa = PBXBuildFile; fileRef = 7BEABCF8296CBD6C006E2EAA /* main.m */; };
/* End PBXBuildFile section */

/* Begin PBXFileReference section */
		7BEABCE3296CBD60006E2EAA /* new.app */ = {isa = PBXFileReference; explicitFileType = wrapper.application; includeInIndex = 0; path = new.app; sourceTree = BUILT_PRODUCTS_DIR; };
		7BEABCE6296CBD61006E2EAA /* AppDelegate.h */ = {isa = PBXFileReference; lastKnownFileType = sourcecode.c.h; path = AppDelegate.h; sourceTree = "<group>"; };
		7BEABCE7296CBD61006E2EAA /* AppDelegate.m */ = {isa = PBXFileReference; lastKnownFileType = sourcecode.c.objc; path = AppDelegate.m; sourceTree = "<group>"; };
		7BEABCE9296CBD61006E2EAA /* SceneDelegate.h */ = {isa = PBXFileReference; lastKnownFileType = sourcecode.c.h; path = SceneDelegate.h; sourceTree = "<group>"; };
		7BEABCEA296CBD61006E2EAA /* SceneDelegate.m */ = {isa = PBXFileReference; lastKnownFileType = sourcecode.c.objc; path = SceneDelegate.m; sourceTree = "<group>"; };
		7BEABCEC296CBD61006E2EAA /* ViewController.h */ = {isa = PBXFileReference; lastKnownFileType = sourcecode.c.h; path = ViewController.h; sourceTree = "<group>"; };
		7BEABCED296CBD61006E2EAA /* ViewController.m */ = {isa = PBXFileReference; lastKnownFileType = sourcecode.c.objc; path = ViewController.m; sourceTree = "<group>"; };
		7BEABCF0296CBD61006E2EAA /* Base */ = {isa = PBXFileReference; lastKnownFileType = file.storyboard; name = Base; path = Base.lproj/Main.storyboard; sourceTree = "<group>"; };
		7BEABCF2296CBD6C006E2EAA /* Assets.xcassets */ = {isa = PBXFileReference; lastKnownFileType = folder.assetcatalog; path = Assets.xcassets; sourceTree = "<group>"; };
		7BEABCF5296CBD6C006E2EAA /* Base */ = {isa = PBXFileReference; lastKnownFileType = file.storyboard; name = Base; path = Base.lproj/LaunchScreen.storyboard; sourceTree = "<group>"; };
		7BEABCF7296CBD6C006E2EAA /* Info.plist */ = {isa = PBXFileReference; lastKnownFileType = text.plist.xml; path = Info.plist; sourceTree = "<group>"; };
		7BEABCF8296CBD6C006E2EAA /* main.m */ = {isa = PBXFileReference; lastKnownFileType = sourcecode.c.objc; path = main.m; sourceTree = "<group>"; };
/* End PBXFileReference section */

/* Begin PBXFrameworksBuildPhase section */
		7BEABCE0296CBD60006E2EAA /* Frameworks */ = {
			isa = PBXFrameworksBuildPhase;
			buildActionMask = 2147483647;
			files = (
			);
			runOnlyForDeploymentPostprocessing = 0;
		};
/* End PBXFrameworksBuildPhase section */

/* Begin PBXGroup section */
		7BEABCDA296CBD5F006E2EAA = {
			isa = PBXGroup;
			children = (
				7BEABCE5296CBD60006E2EAA /* new */,
				7BEABCE4296CBD60006E2EAA /* Products */,
			);
			sourceTree = "<group>";
		};
		7BEABCE4296CBD60006E2EAA /* Products */ = {
			isa = PBXGroup;
			children = (
				7BEABCE3296CBD60006E2EAA /* new.app */,
			);
			name = Products;
			sourceTree = "<group>";
		};
		7BEABCE5296CBD60006E2EAA /* new */ = {
			isa = PBXGroup;
			children = (
				7BEABCE6296CBD61006E2EAA /* AppDelegate.h */,
				7BEABCE7296CBD61006E2EAA /* AppDelegate.m */,
				7BEABCE9296CBD61006E2EAA /* SceneDelegate.h */,
				7BEABCEA296CBD61006E2EAA /* SceneDelegate.m */,
				7BEABCEC296CBD61006E2EAA /* ViewController.h */,
				7BEABCED296CBD61006E2EAA /* ViewController.m */,
				7BEABCEF296CBD61006E2EAA /* Main.storyboard */,
				7BEABCF2296CBD6C006E2EAA /* Assets.xcassets */,
				7BEABCF4296CBD6C006E2EAA /* LaunchScreen.storyboard */,
				7BEABCF7296CBD6C006E2EAA /* Info.plist */,
				7BEABCF8296CBD6C006E2EAA /* main.m */,
			);
			path = new;
			sourceTree = "<group>";
		};
/* End PBXGroup section */

/* Begin PBXNativeTarget section */
		7BEABCE2296CBD60006E2EAA /* new */ = {
			isa = PBXNativeTarget;
			buildConfigurationList = 7BEABCFC296CBD6C006E2EAA /* Build configuration list for PBXNativeTarget "new" */;
			buildPhases = (
				7BEABCDF296CBD60006E2EAA /* Sources */,
				7BEABCE0296CBD60006E2EAA /* Frameworks */,
				7BEABCE1296CBD60006E2EAA /* Resources */,
			);
			buildRules = (
			);
			dependencies = (
			);
			name = new;
			productName = new;
			productReference = 7BEABCE3296CBD60006E2EAA /* new.app */;
			productType = "com.apple.product-type.application";
		};
/* End PBXNativeTarget section */

/* Begin PBXProject section */
		7BEABCDB296CBD60006E2EAA /* Project object */ = {
			isa = PBXProject;
			attributes = {
				BuildIndependentTargetsInParallel = 1;
				LastUpgradeCheck = 1420;
				TargetAttributes = {
					7BEABCE2296CBD60006E2EAA = {
						CreatedOnToolsVersion = 14.2;
					};
				};
			};
			buildConfigurationList = 7BEABCDE296CBD60006E2EAA /* Build configuration list for PBXProject "new" */;
			compatibilityVersion = "Xcode 14.0";
			developmentRegion = en;
			hasScannedForEncodings = 0;
			knownRegions = (
				en,
				Base,
			);
			mainGroup = 7BEABCDA296CBD5F006E2EAA;
			productRefGroup = 7BEABCE4296CBD60006E2EAA /* Products */;
			projectDirPath = "";
			projectRoot = "";
			targets = (
				7BEABCE2296CBD60006E2EAA /* new */,
			);
		};
/* End PBXProject section */

/* Begin PBXResourcesBuildPhase section */
		7BEABCE1296CBD60006E2EAA /* Resources */ = {
			isa = PBXResourcesBuildPhase;
			buildActionMask = 2147483647;
			files = (
				7BEABCF6296CBD6C006E2EAA /* LaunchScreen.storyboard in Resources */,
				7BEABCF3296CBD6C006E2EAA /* Assets.xcassets in Resources */,
				7BEABCF1296CBD61006E2EAA /* Main.storyboard in Resources */,
			);
			runOnlyForDeploymentPostprocessing = 0;
		};
/* End PBXResourcesBuildPhase section */

/* Begin PBXSourcesBuildPhase section */
		7BEABCDF296CBD60006E2EAA /* Sources */ = {
			isa = PBXSourcesBuildPhase;
			buildActionMask = 2147483647;
			files = (
				7BEABCEE296CBD61006E2EAA /* ViewController.m in Sources */,
				7BEABCE8296CBD61006E2EAA /* AppDelegate.m in Sources */,
				7BEABCF9296CBD6C006E2EAA /* main.m in Sources */,
				7BEABCEB296CBD61006E2EAA /* SceneDelegate.m in Sources */,
			);
			runOnlyForDeploymentPostprocessing = 0;
		};
/* End PBXSourcesBuildPhase section */

/* Begin PBXVariantGroup section */
		7BEABCEF296CBD61006E2EAA /* Main.storyboard */ = {
			isa = PBXVariantGroup;
			children = (
				7BEABCF0296CBD61006E2EAA /* Base */,
			);
			name = Main.storyboard;
			sourceTree = "<group>";
		};
		7BEABCF4296CBD6C006E2EAA /* LaunchScreen.storyboard */ = {
			isa = PBXVariantGroup;
			children = (
				7BEABCF5296CBD6C006E2EAA /* Base */,
			);
			name = LaunchScreen.storyboard;
			sourceTree = "<group>";
		};
/* End PBXVariantGroup section */

/* Begin XCBuildConfiguration section */
		7BEABCFA296CBD6C006E2EAA /* Debug */ = {
			isa = XCBuildConfiguration;
			buildSettings = {
				ALWAYS_SEARCH_USER_PATHS = NO;
				CLANG_ANALYZER_NONNULL = YES;
				CLANG_ANALYZER_NUMBER_OBJECT_CONVERSION = YES_AGGRESSIVE;
				CLANG_CXX_LANGUAGE_STANDARD = "gnu++20";
				CLANG_ENABLE_MODULES = YES;
				CLANG_ENABLE_OBJC_ARC = YES;
				CLANG_ENABLE_OBJC_WEAK = YES;
				CLANG_WARN_BLOCK_CAPTURE_AUTORELEASING = YES;
				CLANG_WARN_BOOL_CONVERSION = YES;
				CLANG_WARN_COMMA = YES;
				CLANG_WARN_CONSTANT_CONVERSION = YES;
				CLANG_WARN_DEPRECATED_OBJC_IMPLEMENTATIONS = YES;
				CLANG_WARN_DIRECT_OBJC_ISA_USAGE = YES_ERROR;
				CLANG_WARN_DOCUMENTATION_COMMENTS = YES;
				CLANG_WARN_EMPTY_BODY = YES;
				CLANG_WARN_ENUM_CONVERSION = YES;
				CLANG_WARN_INFINITE_RECURSION = YES;
				CLANG_WARN_INT_CONVERSION = YES;
				CLANG_WARN_NON_LITERAL_NULL_CONVERSION = YES;
				CLANG_WARN_OBJC_IMPLICIT_RETAIN_SELF = YES;
				CLANG_WARN_OBJC_LITERAL_CONVERSION = YES;
				CLANG_WARN_OBJC_ROOT_CLASS = YES_ERROR;
				CLANG_WARN_QUOTED_INCLUDE_IN_FRAMEWORK_HEADER = YES;
				CLANG_WARN_RANGE_LOOP_ANALYSIS = YES;
				CLANG_WARN_STRICT_PROTOTYPES = YES;
				CLANG_WARN_SUSPICIOUS_MOVE = YES;
				CLANG_WARN_UNGUARDED_AVAILABILITY = YES_AGGRESSIVE;
				CLANG_WARN_UNREACHABLE_CODE = YES;
				CLANG_WARN__DUPLICATE_METHOD_MATCH = YES;
				COPY_PHASE_STRIP = NO;
				DEBUG_INFORMATION_FORMAT = dwarf;
				ENABLE_STRICT_OBJC_MSGSEND = YES;
				ENABLE_TESTABILITY = YES;
				GCC_C_LANGUAGE_STANDARD = gnu11;
				GCC_DYNAMIC_NO_PIC = NO;
				GCC_NO_COMMON_BLOCKS = YES;
				GCC_OPTIMIZATION_LEVEL = 0;
				GCC_PREPROCESSOR_DEFINITIONS = (
					"DEBUG=1",
					"$(inherited)",
				);
				GCC_WARN_64_TO_32_BIT_CONVERSION = YES;
				GCC_WARN_ABOUT_RETURN_TYPE = YES_ERROR;
				GCC_WARN_UNDECLARED_SELECTOR = YES;
				GCC_WARN_UNINITIALIZED_AUTOS = YES_AGGRESSIVE;
				GCC_WARN_UNUSED_FUNCTION = YES;
				GCC_WARN_UNUSED_VARIABLE = YES;
				IPHONEOS_DEPLOYMENT_TARGET = 16.2;
				MTL_ENABLE_DEBUG_INFO = INCLUDE_SOURCE;
				MTL_FAST_MATH = YES;
				ONLY_ACTIVE_ARCH = YES;
				SDKROOT = iphoneos;
			};
			name = Debug;
		};
		7BEABCFB296CBD6C006E2EAA /* Release */ = {
			isa = XCBuildConfiguration;
			buildSettings = {
				ALWAYS_SEARCH_USER_PATHS = NO;
				CLANG_ANALYZER_NONNULL = YES;
				CLANG_ANALYZER_NUMBER_OBJECT_CONVERSION = YES_AGGRESSIVE;
				CLANG_CXX_LANGUAGE_STANDARD = "gnu++20";
				CLANG_ENABLE_MODULES = YES;
				CLANG_ENABLE_OBJC_ARC = YES;
				CLANG_ENABLE_OBJC_WEAK = YES;
				CLANG_WARN_BLOCK_CAPTURE_AUTORELEASING = YES;
				CLANG_WARN_BOOL_CONVERSION = YES;
				CLANG_WARN_COMMA = YES;
				CLANG_WARN_CONSTANT_CONVERSION = YES;
				CLANG_WARN_DEPRECATED_OBJC_IMPLEMENTATIONS = YES;
				CLANG_WARN_DIRECT_OBJC_ISA_USAGE = YES_ERROR;
				CLANG_WARN_DOCUMENTATION_COMMENTS = YES;
				CLANG_WARN_EMPTY_BODY = YES;
				CLANG_WARN_ENUM_CONVERSION = YES;
				CLANG_WARN_INFINITE_RECURSION = YES;
				CLANG_WARN_INT_CONVERSION = YES;
				CLANG_WARN_NON_LITERAL_NULL_CONVERSION = YES;
				CLANG_WARN_OBJC_IMPLICIT_RETAIN_SELF = YES;
				CLANG_WARN_OBJC_LITERAL_CONVERSION = YES;
				CLANG_WARN_OBJC_ROOT_CLASS = YES_ERROR;
				CLANG_WARN_QUOTED_INCLUDE_IN_FRAMEWORK_HEADER = YES;
				CLANG_WARN_RANGE_LOOP_ANALYSIS = YES;
				CLANG_WARN_STRICT_PROTOTYPES = YES;
				CLANG_WARN_SUSPICIOUS_MOVE = YES;
				CLANG_WARN_UNGUARDED_AVAILABILITY = YES_AGGRESSIVE;
				CLANG_WARN_UNREACHABLE_CODE = YES;
				CLANG_WARN__DUPLICATE_METHOD_MATCH = YES;
				COPY_PHASE_STRIP = NO;
				DEBUG_INFORMATION_FORMAT = "dwarf-with-dsym";
				ENABLE_NS_ASSERTIONS = NO;
				ENABLE_STRICT_OBJC_MSGSEND = YES;
				GCC_C_LANGUAGE_STANDARD = gnu11;
				GCC_NO_COMMON_BLOCKS = YES;
				GCC_WARN_64_TO_32_BIT_CONVERSION = YES;
				GCC_WARN_ABOUT_RETURN_TYPE = YES_ERROR;
				GCC_WARN_UNDECLARED_SELECTOR = YES;
				GCC_WARN_UNINITIALIZED_AUTOS = YES_AGGRESSIVE;
				GCC_WARN_UNUSED_FUNCTION = YES;
				GCC_WARN_UNUSED_VARIABLE = YES;
				IPHONEOS_DEPLOYMENT_TARGET = 16.2;
				MTL_ENABLE_DEBUG_INFO = NO;
				MTL_FAST_MATH = YES;
				SDKROOT = iphoneos;
				VALIDATE_PRODUCT = YES;
			};
			name = Release;
		};
		7BEABCFD296CBD6C006E2EAA /* Debug */ = {
			isa = XCBuildConfiguration;
			buildSettings = {
				ASSETCATALOG_COMPILER_APPICON_NAME = AppIcon;
				ASSETCATALOG_COMPILER_GLOBAL_ACCENT_COLOR_NAME = AccentColor;
				CODE_SIGN_STYLE = Automatic;
				CURRENT_PROJECT_VERSION = 1;
				GENERATE_INFOPLIST_FILE = YES;
				INFOPLIST_FILE = new/Info.plist;
				INFOPLIST_KEY_UIApplicationSupportsIndirectInputEvents = YES;
				INFOPLIST_KEY_UILaunchStoryboardName = LaunchScreen;
				INFOPLIST_KEY_UIMainStoryboardFile = Main;
				INFOPLIST_KEY_UISupportedInterfaceOrientations_iPad = "UIInterfaceOrientationPortrait UIInterfaceOrientationPortraitUpsideDown UIInterfaceOrientationLandscapeLeft UIInterfaceOrientationLandscapeRight";
				INFOPLIST_KEY_UISupportedInterfaceOrientations_iPhone = "UIInterfaceOrientationPortrait UIInterfaceOrientationLandscapeLeft UIInterfaceOrientationLandscapeRight";
				LD_RUNPATH_SEARCH_PATHS = (
					"$(inherited)",
					"@executable_path/Frameworks",
				);
				MARKETING_VERSION = 1.0;
				PRODUCT_BUNDLE_IDENTIFIER = iti.new;
				PRODUCT_NAME = "$(TARGET_NAME)";
				SWIFT_EMIT_LOC_STRINGS = YES;
				TARGETED_DEVICE_FAMILY = "1,2";
			};
			name = Debug;
		};
		7BEABCFE296CBD6C006E2EAA /* Release */ = {
			isa = XCBuildConfiguration;
			buildSettings = {
				ASSETCATALOG_COMPILER_APPICON_NAME = AppIcon;
				ASSETCATALOG_COMPILER_GLOBAL_ACCENT_COLOR_NAME = AccentColor;
				CODE_SIGN_STYLE = Automatic;
				CURRENT_PROJECT_VERSION = 1;
				GENERATE_INFOPLIST_FILE = YES;
				INFOPLIST_FILE = new/Info.plist;
				INFOPLIST_KEY_UIApplicationSupportsIndirectInputEvents = YES;
				INFOPLIST_KEY_UILaunchStoryboardName = LaunchScreen;
				INFOPLIST_KEY_UIMainStoryboardFile = Main;
				INFOPLIST_KEY_UISupportedInterfaceOrientations_iPad = "UIInterfaceOrientationPortrait UIInterfaceOrientationPortraitUpsideDown UIInterfaceOrientationLandscapeLeft UIInterfaceOrientationLandscapeRight";
				INFOPLIST_KEY_UISupportedInterfaceOrientations_iPhone = "UIInterfaceOrientationPortrait UIInterfaceOrientationLandscapeLeft UIInterfaceOrientationLandscapeRight";
				LD_RUNPATH_SEARCH_PATHS = (
					"$(inherited)",
					"@executable_path/Frameworks",
				);
				MARKETING_VERSION = 1.0;
				PRODUCT_BUNDLE_IDENTIFIER = iti.new;
				PRODUCT_NAME = "$(TARGET_NAME)";
				SWIFT_EMIT_LOC_STRINGS = YES;
				TARGETED_DEVICE_FAMILY = "1,2";
			};
			name = Release;
		};
/* End XCBuildConfiguration section */

/* Begin XCConfigurationList section */
		7BEABCDE296CBD60006E2EAA /* Build configuration list for PBXProject "new" */ = {
			isa = XCConfigurationList;
			buildConfigurations = (
				7BEABCFA296CBD6C006E2EAA /* Debug */,
				7BEABCFB296CBD6C006E2EAA /* Release */,
			);
			defaultConfigurationIsVisible = 0;
			defaultConfigurationName = Release;
		};
		7BEABCFC296CBD6C006E2EAA /* Build configuration list for PBXNativeTarget "new" */ = {
			isa = XCConfigurationList;
			buildConfigurations = (
				7BEABCFD296CBD6C006E2EAA /* Debug */,
				7BEABCFE296CBD6C006E2EAA /* Release */,
			);
			defaultConfigurationIsVisible = 0;
			defaultConfigurationName = Release;
		};
/* End XCConfigurationList section */
	};
	rootObject = 7BEABCDB296CBD60006E2EAA /* Project object */;
}
